
Microsoft Visual Studio Solution File, Format Version 12.00
# Visual Studio Version 17
VisualStudioVersion = 17.2.32317.152
MinimumVisualStudioVersion = 10.0.40219.1
Project("{9A19103F-16F7-4668-BE54-9A1E7A4F7556}") = "WABCL", "WABCL\WABCL.csproj", "{C85F6184-AA76-49DA-83FB-D765B7D5F67A}"
EndProject
Project("{9A19103F-16F7-4668-BE54-9A1E7A4F7556}") = "MauiBlazor", "MauiBlazor\MauiBlazor.csproj", "{D0C61B3D-C2F8-4FC9-B758-DBC52A7BD9FF}"
EndProject
Project("{9A19103F-16F7-4668-BE54-9A1E7A4F7556}") = "MauiWeb", "MauiWeb\MauiWeb.csproj", "{A9C62C01-B125-4EE2-AA0B-06877A318560}"
EndProject
Global
	GlobalSection(SolutionConfigurationPlatforms) = preSolution
		Debug|Any CPU = Debug|Any CPU
		Release|Any CPU = Release|Any CPU
	EndGlobalSection
	GlobalSection(ProjectConfigurationPlatforms) = postSolution
		{C85F6184-AA76-49DA-83FB-D765B7D5F67A}.Debug|Any CPU.ActiveCfg = Debug|Any CPU
		{C85F6184-AA76-49DA-83FB-D765B7D5F67A}.Debug|Any CPU.Build.0 = Debug|Any CPU
		{C85F6184-AA76-49DA-83FB-D765B7D5F67A}.Release|Any CPU.ActiveCfg = Release|Any CPU
		{C85F6184-AA76-49DA-83FB-D765B7D5F67A}.Release|Any CPU.Build.0 = Release|Any CPU
		{D0C61B3D-C2F8-4FC9-B758-DBC52A7BD9FF}.Debug|Any CPU.ActiveCfg = Debug|Any CPU
		{D0C61B3D-C2F8-4FC9-B758-DBC52A7BD9FF}.Debug|Any CPU.Build.0 = Debug|Any CPU
		{D0C61B3D-C2F8-4FC9-B758-DBC52A7BD9FF}.Debug|Any CPU.Deploy.0 = Debug|Any CPU
		{D0C61B3D-C2F8-4FC9-B758-DBC52A7BD9FF}.Release|Any CPU.ActiveCfg = Release|Any CPU
		{D0C61B3D-C2F8-4FC9-B758-DBC52A7BD9FF}.Release|Any CPU.Build.0 = Release|Any CPU
		{D0C61B3D-C2F8-4FC9-B758-DBC52A7BD9FF}.Release|Any CPU.Deploy.0 = Release|Any CPU
		{A9C62C01-B125-4EE2-AA0B-06877A318560}.Debug|Any CPU.ActiveCfg = Debug|Any CPU
		{A9C62C01-B125-4EE2-AA0B-06877A318560}.Debug|Any CPU.Build.0 = Debug|Any CPU
		{A9C62C01-B125-4EE2-AA0B-06877A318560}.Release|Any CPU.ActiveCfg = Release|Any CPU
		{A9C62C01-B125-4EE2-AA0B-06877A318560}.Release|Any CPU.Build.0 = Release|Any CPU
	EndGlobalSection
	GlobalSection(SolutionProperties) = preSolution
		HideSolutionNode = FALSE
	EndGlobalSection
	GlobalSection(ExtensibilityGlobals) = postSolution
		SolutionGuid = {15EDBB55-FBDC-486D-BA1C-64020C133117}
	EndGlobalSection
EndGlobal
